
Microsoft Visual Studio Solution File, Format Version 12.00
# Visual Studio 2012
Project("{FAE04EC0-301F-11D3-BF4B-00C04F79EFBC}") = "PilotMvc", "PilotMvc\PilotMvc.csproj", "{C4178FBE-2667-46B1-8F41-383750FC6F53}"
EndProject
Project("{FAE04EC0-301F-11D3-BF4B-00C04F79EFBC}") = "Pilot.Service", "Pilot.Service\Pilot.Service.csproj", "{593464A3-22BC-44A5-BCFE-228441D7F5D1}"
EndProject
Project("{FAE04EC0-301F-11D3-BF4B-00C04F79EFBC}") = "Pilot.Database", "Pilot.Database\Pilot.Database.csproj", "{29C465FE-C337-47DE-AD02-16EFCB4E3D90}"
EndProject
Project("{FAE04EC0-301F-11D3-BF4B-00C04F79EFBC}") = "Pilot.Entity", "Pilot.Entity\Pilot.Entity.csproj", "{219A5209-A63C-4CCE-809D-5B427A425FE1}"
EndProject
Project("{FAE04EC0-301F-11D3-BF4B-00C04F79EFBC}") = "Pilot.Util", "Pilot.Util\Pilot.Util.csproj", "{9A1F2121-6587-4A51-B369-0F54CD1EDB65}"
EndProject
Project("{FAE04EC0-301F-11D3-BF4B-00C04F79EFBC}") = "Pilot.Test", "Pilot.Test\Pilot.Test.csproj", "{7B1FD204-6117-445C-956F-EA68E362F6F1}"
EndProject
Project("{FAE04EC0-301F-11D3-BF4B-00C04F79EFBC}") = "Pilot.Wcf", "Pilot.Wcf\Pilot.Wcf.csproj", "{489ABB2F-AF5E-45B7-B40F-F7DFA63DF038}"
EndProject
Project("{2150E333-8FDC-42A3-9474-1A3956D46DE8}") = "Solution Items", "Solution Items", "{5DA5950E-C1DD-40B9-9584-E86CF74C1384}"
EndProject
Global
	GlobalSection(SolutionConfigurationPlatforms) = preSolution
		Debug|Any CPU = Debug|Any CPU
		Release|Any CPU = Release|Any CPU
	EndGlobalSection
	GlobalSection(ProjectConfigurationPlatforms) = postSolution
		{C4178FBE-2667-46B1-8F41-383750FC6F53}.Debug|Any CPU.ActiveCfg = Debug|Any CPU
		{C4178FBE-2667-46B1-8F41-383750FC6F53}.Debug|Any CPU.Build.0 = Debug|Any CPU
		{C4178FBE-2667-46B1-8F41-383750FC6F53}.Debug|Any CPU.Deploy.0 = Debug|Any CPU
		{C4178FBE-2667-46B1-8F41-383750FC6F53}.Release|Any CPU.ActiveCfg = Release|Any CPU
		{C4178FBE-2667-46B1-8F41-383750FC6F53}.Release|Any CPU.Build.0 = Release|Any CPU
		{593464A3-22BC-44A5-BCFE-228441D7F5D1}.Debug|Any CPU.ActiveCfg = Debug|Any CPU
		{593464A3-22BC-44A5-BCFE-228441D7F5D1}.Debug|Any CPU.Build.0 = Debug|Any CPU
		{593464A3-22BC-44A5-BCFE-228441D7F5D1}.Release|Any CPU.ActiveCfg = Release|Any CPU
		{593464A3-22BC-44A5-BCFE-228441D7F5D1}.Release|Any CPU.Build.0 = Release|Any CPU
		{29C465FE-C337-47DE-AD02-16EFCB4E3D90}.Debug|Any CPU.ActiveCfg = Debug|Any CPU
		{29C465FE-C337-47DE-AD02-16EFCB4E3D90}.Debug|Any CPU.Build.0 = Debug|Any CPU
		{29C465FE-C337-47DE-AD02-16EFCB4E3D90}.Release|Any CPU.ActiveCfg = Release|Any CPU
		{29C465FE-C337-47DE-AD02-16EFCB4E3D90}.Release|Any CPU.Build.0 = Release|Any CPU
		{219A5209-A63C-4CCE-809D-5B427A425FE1}.Debug|Any CPU.ActiveCfg = Debug|Any CPU
		{219A5209-A63C-4CCE-809D-5B427A425FE1}.Debug|Any CPU.Build.0 = Debug|Any CPU
		{219A5209-A63C-4CCE-809D-5B427A425FE1}.Release|Any CPU.ActiveCfg = Release|Any CPU
		{219A5209-A63C-4CCE-809D-5B427A425FE1}.Release|Any CPU.Build.0 = Release|Any CPU
		{9A1F2121-6587-4A51-B369-0F54CD1EDB65}.Debug|Any CPU.ActiveCfg = Debug|Any CPU
		{9A1F2121-6587-4A51-B369-0F54CD1EDB65}.Debug|Any CPU.Build.0 = Debug|Any CPU
		{9A1F2121-6587-4A51-B369-0F54CD1EDB65}.Release|Any CPU.ActiveCfg = Release|Any CPU
		{9A1F2121-6587-4A51-B369-0F54CD1EDB65}.Release|Any CPU.Build.0 = Release|Any CPU
		{7B1FD204-6117-445C-956F-EA68E362F6F1}.Debug|Any CPU.ActiveCfg = Debug|Any CPU
		{7B1FD204-6117-445C-956F-EA68E362F6F1}.Debug|Any CPU.Build.0 = Debug|Any CPU
		{7B1FD204-6117-445C-956F-EA68E362F6F1}.Release|Any CPU.ActiveCfg = Release|Any CPU
		{7B1FD204-6117-445C-956F-EA68E362F6F1}.Release|Any CPU.Build.0 = Release|Any CPU
		{489ABB2F-AF5E-45B7-B40F-F7DFA63DF038}.Debug|Any CPU.ActiveCfg = Debug|Any CPU
		{489ABB2F-AF5E-45B7-B40F-F7DFA63DF038}.Debug|Any CPU.Build.0 = Debug|Any CPU
		{489ABB2F-AF5E-45B7-B40F-F7DFA63DF038}.Release|Any CPU.ActiveCfg = Release|Any CPU
		{489ABB2F-AF5E-45B7-B40F-F7DFA63DF038}.Release|Any CPU.Build.0 = Release|Any CPU
	EndGlobalSection
	GlobalSection(SolutionProperties) = preSolution
		HideSolutionNode = FALSE
	EndGlobalSection
EndGlobal
